// !$*UTF8*$!
{
	archiveVersion = 1;
	classes = {
	};
	objectVersion = 55;
	objects = {

/* Begin PBXBuildFile section */
		9A1D015C2C87B691008E5F1F /* LoginView.swift in Sources */ = {isa = PBXBuildFile; fileRef = 9A1D015B2C87B691008E5F1F /* LoginView.swift */; };
		9A1D015E2C87B986008E5F1F /* IBMPlexMono-Bold.ttf in Resources */ = {isa = PBXBuildFile; fileRef = 9A1D015D2C87B986008E5F1F /* IBMPlexMono-Bold.ttf */; };
		9A8CC25B2C848B190038B85F /* GeoSpotApp.swift in Sources */ = {isa = PBXBuildFile; fileRef = 9A8CC25A2C848B190038B85F /* GeoSpotApp.swift */; };
		9A8CC25D2C848B190038B85F /* ContentView.swift in Sources */ = {isa = PBXBuildFile; fileRef = 9A8CC25C2C848B190038B85F /* ContentView.swift */; };
		9A8CC25F2C848B1F0038B85F /* Assets.xcassets in Resources */ = {isa = PBXBuildFile; fileRef = 9A8CC25E2C848B1F0038B85F /* Assets.xcassets */; };
		9A8CC2622C848B1F0038B85F /* Preview Assets.xcassets in Resources */ = {isa = PBXBuildFile; fileRef = 9A8CC2612C848B1F0038B85F /* Preview Assets.xcassets */; };
		9A8CC26C2C848B200038B85F /* GeoSpotTests.swift in Sources */ = {isa = PBXBuildFile; fileRef = 9A8CC26B2C848B200038B85F /* GeoSpotTests.swift */; };
		9A8CC2762C848B200038B85F /* GeoSpotUITests.swift in Sources */ = {isa = PBXBuildFile; fileRef = 9A8CC2752C848B200038B85F /* GeoSpotUITests.swift */; };
		9A8CC2782C848B200038B85F /* GeoSpotUITestsLaunchTests.swift in Sources */ = {isa = PBXBuildFile; fileRef = 9A8CC2772C848B200038B85F /* GeoSpotUITestsLaunchTests.swift */; };
		9AB9AC622C849A2C00B0522D /* LocationManager.swift in Sources */ = {isa = PBXBuildFile; fileRef = 9AB9AC612C849A2C00B0522D /* LocationManager.swift */; };
		9AE393BA2C87C77900E9B996 /* LocationView.swift in Sources */ = {isa = PBXBuildFile; fileRef = 9AE393B92C87C77900E9B996 /* LocationView.swift */; };
/* End PBXBuildFile section */

/* Begin PBXContainerItemProxy section */
		9A8CC2682C848B200038B85F /* PBXContainerItemProxy */ = {
			isa = PBXContainerItemProxy;
			containerPortal = 9A8CC24F2C848B190038B85F /* Project object */;
			proxyType = 1;
			remoteGlobalIDString = 9A8CC2562C848B190038B85F;
			remoteInfo = GeoSpot;
		};
		9A8CC2722C848B200038B85F /* PBXContainerItemProxy */ = {
			isa = PBXContainerItemProxy;
			containerPortal = 9A8CC24F2C848B190038B85F /* Project object */;
			proxyType = 1;
			remoteGlobalIDString = 9A8CC2562C848B190038B85F;
			remoteInfo = GeoSpot;
		};
/* End PBXContainerItemProxy section */

/* Begin PBXFileReference section */
		9A1D015B2C87B691008E5F1F /* LoginView.swift */ = {isa = PBXFileReference; lastKnownFileType = sourcecode.swift; path = LoginView.swift; sourceTree = "<group>"; };
		9A1D015D2C87B986008E5F1F /* IBMPlexMono-Bold.ttf */ = {isa = PBXFileReference; lastKnownFileType = file; path = "IBMPlexMono-Bold.ttf"; sourceTree = "<group>"; };
		9A8CC2572C848B190038B85F /* GeoSpot.app */ = {isa = PBXFileReference; explicitFileType = wrapper.application; includeInIndex = 0; path = GeoSpot.app; sourceTree = BUILT_PRODUCTS_DIR; };
		9A8CC25A2C848B190038B85F /* GeoSpotApp.swift */ = {isa = PBXFileReference; lastKnownFileType = sourcecode.swift; path = GeoSpotApp.swift; sourceTree = "<group>"; };
		9A8CC25C2C848B190038B85F /* ContentView.swift */ = {isa = PBXFileReference; lastKnownFileType = sourcecode.swift; path = ContentView.swift; sourceTree = "<group>"; };
		9A8CC25E2C848B1F0038B85F /* Assets.xcassets */ = {isa = PBXFileReference; lastKnownFileType = folder.assetcatalog; path = Assets.xcassets; sourceTree = "<group>"; };
		9A8CC2612C848B1F0038B85F /* Preview Assets.xcassets */ = {isa = PBXFileReference; lastKnownFileType = folder.assetcatalog; path = "Preview Assets.xcassets"; sourceTree = "<group>"; };
		9A8CC2672C848B200038B85F /* GeoSpotTests.xctest */ = {isa = PBXFileReference; explicitFileType = wrapper.cfbundle; includeInIndex = 0; path = GeoSpotTests.xctest; sourceTree = BUILT_PRODUCTS_DIR; };
		9A8CC26B2C848B200038B85F /* GeoSpotTests.swift */ = {isa = PBXFileReference; lastKnownFileType = sourcecode.swift; path = GeoSpotTests.swift; sourceTree = "<group>"; };
		9A8CC2712C848B200038B85F /* GeoSpotUITests.xctest */ = {isa = PBXFileReference; explicitFileType = wrapper.cfbundle; includeInIndex = 0; path = GeoSpotUITests.xctest; sourceTree = BUILT_PRODUCTS_DIR; };
		9A8CC2752C848B200038B85F /* GeoSpotUITests.swift */ = {isa = PBXFileReference; lastKnownFileType = sourcecode.swift; path = GeoSpotUITests.swift; sourceTree = "<group>"; };
		9A8CC2772C848B200038B85F /* GeoSpotUITestsLaunchTests.swift */ = {isa = PBXFileReference; lastKnownFileType = sourcecode.swift; path = GeoSpotUITestsLaunchTests.swift; sourceTree = "<group>"; };
		9AB9AC602C84997100B0522D /* Info.plist */ = {isa = PBXFileReference; lastKnownFileType = text.plist; path = Info.plist; sourceTree = "<group>"; };
		9AB9AC612C849A2C00B0522D /* LocationManager.swift */ = {isa = PBXFileReference; lastKnownFileType = sourcecode.swift; path = LocationManager.swift; sourceTree = "<group>"; };
		9AE393B92C87C77900E9B996 /* LocationView.swift */ = {isa = PBXFileReference; lastKnownFileType = sourcecode.swift; path = LocationView.swift; sourceTree = "<group>"; };
/* End PBXFileReference section */

/* Begin PBXFrameworksBuildPhase section */
		9A8CC2542C848B190038B85F /* Frameworks */ = {
			isa = PBXFrameworksBuildPhase;
			buildActionMask = 2147483647;
			files = (
			);
			runOnlyForDeploymentPostprocessing = 0;
		};
		9A8CC2642C848B200038B85F /* Frameworks */ = {
			isa = PBXFrameworksBuildPhase;
			buildActionMask = 2147483647;
			files = (
			);
			runOnlyForDeploymentPostprocessing = 0;
		};
		9A8CC26E2C848B200038B85F /* Frameworks */ = {
			isa = PBXFrameworksBuildPhase;
			buildActionMask = 2147483647;
			files = (
			);
			runOnlyForDeploymentPostprocessing = 0;
		};
/* End PBXFrameworksBuildPhase section */

/* Begin PBXGroup section */
		9A8CC24E2C848B190038B85F = {
			isa = PBXGroup;
			children = (
				9A8CC2592C848B190038B85F /* GeoSpot */,
				9A8CC26A2C848B200038B85F /* GeoSpotTests */,
				9A8CC2742C848B200038B85F /* GeoSpotUITests */,
				9A8CC2582C848B190038B85F /* Products */,
			);
			sourceTree = "<group>";
		};
		9A8CC2582C848B190038B85F /* Products */ = {
			isa = PBXGroup;
			children = (
				9A8CC2572C848B190038B85F /* GeoSpot.app */,
				9A8CC2672C848B200038B85F /* GeoSpotTests.xctest */,
				9A8CC2712C848B200038B85F /* GeoSpotUITests.xctest */,
			);
			name = Products;
			sourceTree = "<group>";
		};
		9A8CC2592C848B190038B85F /* GeoSpot */ = {
			isa = PBXGroup;
			children = (
				9A1D015D2C87B986008E5F1F /* IBMPlexMono-Bold.ttf */,
				9AB9AC602C84997100B0522D /* Info.plist */,
				9A8CC25A2C848B190038B85F /* GeoSpotApp.swift */,
				9A8CC25C2C848B190038B85F /* ContentView.swift */,
				9A8CC25E2C848B1F0038B85F /* Assets.xcassets */,
				9A8CC2602C848B1F0038B85F /* Preview Content */,
				9AB9AC612C849A2C00B0522D /* LocationManager.swift */,
				9A1D015B2C87B691008E5F1F /* LoginView.swift */,
				9AE393B92C87C77900E9B996 /* LocationView.swift */,
			);
			path = GeoSpot;
			sourceTree = "<group>";
		};
		9A8CC2602C848B1F0038B85F /* Preview Content */ = {
			isa = PBXGroup;
			children = (
				9A8CC2612C848B1F0038B85F /* Preview Assets.xcassets */,
			);
			path = "Preview Content";
			sourceTree = "<group>";
		};
		9A8CC26A2C848B200038B85F /* GeoSpotTests */ = {
			isa = PBXGroup;
			children = (
				9A8CC26B2C848B200038B85F /* GeoSpotTests.swift */,
			);
			path = GeoSpotTests;
			sourceTree = "<group>";
		};
		9A8CC2742C848B200038B85F /* GeoSpotUITests */ = {
			isa = PBXGroup;
			children = (
				9A8CC2752C848B200038B85F /* GeoSpotUITests.swift */,
				9A8CC2772C848B200038B85F /* GeoSpotUITestsLaunchTests.swift */,
			);
			path = GeoSpotUITests;
			sourceTree = "<group>";
		};
/* End PBXGroup section */

/* Begin PBXNativeTarget section */
		9A8CC2562C848B190038B85F /* GeoSpot */ = {
			isa = PBXNativeTarget;
			buildConfigurationList = 9A8CC27B2C848B200038B85F /* Build configuration list for PBXNativeTarget "GeoSpot" */;
			buildPhases = (
				9A8CC2532C848B190038B85F /* Sources */,
				9A8CC2542C848B190038B85F /* Frameworks */,
				9A8CC2552C848B190038B85F /* Resources */,
			);
			buildRules = (
			);
			dependencies = (
			);
			name = GeoSpot;
			productName = GeoSpot;
			productReference = 9A8CC2572C848B190038B85F /* GeoSpot.app */;
			productType = "com.apple.product-type.application";
		};
		9A8CC2662C848B200038B85F /* GeoSpotTests */ = {
			isa = PBXNativeTarget;
			buildConfigurationList = 9A8CC27E2C848B200038B85F /* Build configuration list for PBXNativeTarget "GeoSpotTests" */;
			buildPhases = (
				9A8CC2632C848B200038B85F /* Sources */,
				9A8CC2642C848B200038B85F /* Frameworks */,
				9A8CC2652C848B200038B85F /* Resources */,
			);
			buildRules = (
			);
			dependencies = (
				9A8CC2692C848B200038B85F /* PBXTargetDependency */,
			);
			name = GeoSpotTests;
			productName = GeoSpotTests;
			productReference = 9A8CC2672C848B200038B85F /* GeoSpotTests.xctest */;
			productType = "com.apple.product-type.bundle.unit-test";
		};
		9A8CC2702C848B200038B85F /* GeoSpotUITests */ = {
			isa = PBXNativeTarget;
			buildConfigurationList = 9A8CC2812C848B200038B85F /* Build configuration list for PBXNativeTarget "GeoSpotUITests" */;
			buildPhases = (
				9A8CC26D2C848B200038B85F /* Sources */,
				9A8CC26E2C848B200038B85F /* Frameworks */,
				9A8CC26F2C848B200038B85F /* Resources */,
			);
			buildRules = (
			);
			dependencies = (
				9A8CC2732C848B200038B85F /* PBXTargetDependency */,
			);
			name = GeoSpotUITests;
			productName = GeoSpotUITests;
			productReference = 9A8CC2712C848B200038B85F /* GeoSpotUITests.xctest */;
			productType = "com.apple.product-type.bundle.ui-testing";
		};
/* End PBXNativeTarget section */

/* Begin PBXProject section */
		9A8CC24F2C848B190038B85F /* Project object */ = {
			isa = PBXProject;
			attributes = {
				BuildIndependentTargetsInParallel = 1;
				KnownAssetTags = (
					New,
				);
				LastSwiftUpdateCheck = 1340;
				LastUpgradeCheck = 1340;
				TargetAttributes = {
					9A8CC2562C848B190038B85F = {
						CreatedOnToolsVersion = 13.4.1;
					};
					9A8CC2662C848B200038B85F = {
						CreatedOnToolsVersion = 13.4.1;
						TestTargetID = 9A8CC2562C848B190038B85F;
					};
					9A8CC2702C848B200038B85F = {
						CreatedOnToolsVersion = 13.4.1;
						TestTargetID = 9A8CC2562C848B190038B85F;
					};
				};
			};
			buildConfigurationList = 9A8CC2522C848B190038B85F /* Build configuration list for PBXProject "GeoSpot" */;
			compatibilityVersion = "Xcode 13.0";
			developmentRegion = en;
			hasScannedForEncodings = 0;
			knownRegions = (
				en,
				Base,
			);
			mainGroup = 9A8CC24E2C848B190038B85F;
			productRefGroup = 9A8CC2582C848B190038B85F /* Products */;
			projectDirPath = "";
			projectRoot = "";
			targets = (
				9A8CC2562C848B190038B85F /* GeoSpot */,
				9A8CC2662C848B200038B85F /* GeoSpotTests */,
				9A8CC2702C848B200038B85F /* GeoSpotUITests */,
			);
		};
/* End PBXProject section */

/* Begin PBXResourcesBuildPhase section */
		9A8CC2552C848B190038B85F /* Resources */ = {
			isa = PBXResourcesBuildPhase;
			buildActionMask = 2147483647;
			files = (
				9A8CC2622C848B1F0038B85F /* Preview Assets.xcassets in Resources */,
				9A8CC25F2C848B1F0038B85F /* Assets.xcassets in Resources */,
				9A1D015E2C87B986008E5F1F /* IBMPlexMono-Bold.ttf in Resources */,
			);
			runOnlyForDeploymentPostprocessing = 0;
		};
		9A8CC2652C848B200038B85F /* Resources */ = {
			isa = PBXResourcesBuildPhase;
			buildActionMask = 2147483647;
			files = (
			);
			runOnlyForDeploymentPostprocessing = 0;
		};
		9A8CC26F2C848B200038B85F /* Resources */ = {
			isa = PBXResourcesBuildPhase;
			buildActionMask = 2147483647;
			files = (
			);
			runOnlyForDeploymentPostprocessing = 0;
		};
/* End PBXResourcesBuildPhase section */

/* Begin PBXSourcesBuildPhase section */
		9A8CC2532C848B190038B85F /* Sources */ = {
			isa = PBXSourcesBuildPhase;
			buildActionMask = 2147483647;
			files = (
				9A8CC25D2C848B190038B85F /* ContentView.swift in Sources */,
				9A8CC25B2C848B190038B85F /* GeoSpotApp.swift in Sources */,
				9AE393BA2C87C77900E9B996 /* LocationView.swift in Sources */,
				9A1D015C2C87B691008E5F1F /* LoginView.swift in Sources */,
				9AB9AC622C849A2C00B0522D /* LocationManager.swift in Sources */,
			);
			runOnlyForDeploymentPostprocessing = 0;
		};
		9A8CC2632C848B200038B85F /* Sources */ = {
			isa = PBXSourcesBuildPhase;
			buildActionMask = 2147483647;
			files = (
				9A8CC26C2C848B200038B85F /* GeoSpotTests.swift in Sources */,
			);
			runOnlyForDeploymentPostprocessing = 0;
		};
		9A8CC26D2C848B200038B85F /* Sources */ = {
			isa = PBXSourcesBuildPhase;
			buildActionMask = 2147483647;
			files = (
				9A8CC2782C848B200038B85F /* GeoSpotUITestsLaunchTests.swift in Sources */,
				9A8CC2762C848B200038B85F /* GeoSpotUITests.swift in Sources */,
			);
			runOnlyForDeploymentPostprocessing = 0;
		};
/* End PBXSourcesBuildPhase section */

/* Begin PBXTargetDependency section */
		9A8CC2692C848B200038B85F /* PBXTargetDependency */ = {
			isa = PBXTargetDependency;
			target = 9A8CC2562C848B190038B85F /* GeoSpot */;
			targetProxy = 9A8CC2682C848B200038B85F /* PBXContainerItemProxy */;
		};
		9A8CC2732C848B200038B85F /* PBXTargetDependency */ = {
			isa = PBXTargetDependency;
			target = 9A8CC2562C848B190038B85F /* GeoSpot */;
			targetProxy = 9A8CC2722C848B200038B85F /* PBXContainerItemProxy */;
		};
/* End PBXTargetDependency section */

/* Begin XCBuildConfiguration section */
		9A8CC2792C848B200038B85F /* Debug */ = {
			isa = XCBuildConfiguration;
			buildSettings = {
				ALWAYS_SEARCH_USER_PATHS = NO;
				CLANG_ANALYZER_NONNULL = YES;
				CLANG_ANALYZER_NUMBER_OBJECT_CONVERSION = YES_AGGRESSIVE;
				CLANG_CXX_LANGUAGE_STANDARD = "gnu++17";
				CLANG_ENABLE_MODULES = YES;
				CLANG_ENABLE_OBJC_ARC = YES;
				CLANG_ENABLE_OBJC_WEAK = YES;
				CLANG_WARN_BLOCK_CAPTURE_AUTORELEASING = YES;
				CLANG_WARN_BOOL_CONVERSION = YES;
				CLANG_WARN_COMMA = YES;
				CLANG_WARN_CONSTANT_CONVERSION = YES;
				CLANG_WARN_DEPRECATED_OBJC_IMPLEMENTATIONS = YES;
				CLANG_WARN_DIRECT_OBJC_ISA_USAGE = YES_ERROR;
				CLANG_WARN_DOCUMENTATION_COMMENTS = YES;
				CLANG_WARN_EMPTY_BODY = YES;
				CLANG_WARN_ENUM_CONVERSION = YES;
				CLANG_WARN_INFINITE_RECURSION = YES;
				CLANG_WARN_INT_CONVERSION = YES;
				CLANG_WARN_NON_LITERAL_NULL_CONVERSION = YES;
				CLANG_WARN_OBJC_IMPLICIT_RETAIN_SELF = YES;
				CLANG_WARN_OBJC_LITERAL_CONVERSION = YES;
				CLANG_WARN_OBJC_ROOT_CLASS = YES_ERROR;
				CLANG_WARN_QUOTED_INCLUDE_IN_FRAMEWORK_HEADER = YES;
				CLANG_WARN_RANGE_LOOP_ANALYSIS = YES;
				CLANG_WARN_STRICT_PROTOTYPES = YES;
				CLANG_WARN_SUSPICIOUS_MOVE = YES;
				CLANG_WARN_UNGUARDED_AVAILABILITY = YES_AGGRESSIVE;
				CLANG_WARN_UNREACHABLE_CODE = YES;
				CLANG_WARN__DUPLICATE_METHOD_MATCH = YES;
				COPY_PHASE_STRIP = NO;
				DEBUG_INFORMATION_FORMAT = dwarf;
				ENABLE_STRICT_OBJC_MSGSEND = YES;
				ENABLE_TESTABILITY = YES;
				GCC_C_LANGUAGE_STANDARD = gnu11;
				GCC_DYNAMIC_NO_PIC = NO;
				GCC_NO_COMMON_BLOCKS = YES;
				GCC_OPTIMIZATION_LEVEL = 0;
				GCC_PREPROCESSOR_DEFINITIONS = (
					"DEBUG=1",
					"$(inherited)",
				);
				GCC_WARN_64_TO_32_BIT_CONVERSION = YES;
				GCC_WARN_ABOUT_RETURN_TYPE = YES_ERROR;
				GCC_WARN_UNDECLARED_SELECTOR = YES;
				GCC_WARN_UNINITIALIZED_AUTOS = YES_AGGRESSIVE;
				GCC_WARN_UNUSED_FUNCTION = YES;
				GCC_WARN_UNUSED_VARIABLE = YES;
				IPHONEOS_DEPLOYMENT_TARGET = 15.5;
				MTL_ENABLE_DEBUG_INFO = INCLUDE_SOURCE;
				MTL_FAST_MATH = YES;
				ONLY_ACTIVE_ARCH = YES;
				SDKROOT = iphoneos;
				SWIFT_ACTIVE_COMPILATION_CONDITIONS = DEBUG;
				SWIFT_OPTIMIZATION_LEVEL = "-Onone";
			};
			name = Debug;
		};
		9A8CC27A2C848B200038B85F /* Release */ = {
			isa = XCBuildConfiguration;
			buildSettings = {
				ALWAYS_SEARCH_USER_PATHS = NO;
				CLANG_ANALYZER_NONNULL = YES;
				CLANG_ANALYZER_NUMBER_OBJECT_CONVERSION = YES_AGGRESSIVE;
				CLANG_CXX_LANGUAGE_STANDARD = "gnu++17";
				CLANG_ENABLE_MODULES = YES;
				CLANG_ENABLE_OBJC_ARC = YES;
				CLANG_ENABLE_OBJC_WEAK = YES;
				CLANG_WARN_BLOCK_CAPTURE_AUTORELEASING = YES;
				CLANG_WARN_BOOL_CONVERSION = YES;
				CLANG_WARN_COMMA = YES;
				CLANG_WARN_CONSTANT_CONVERSION = YES;
				CLANG_WARN_DEPRECATED_OBJC_IMPLEMENTATIONS = YES;
				CLANG_WARN_DIRECT_OBJC_ISA_USAGE = YES_ERROR;
				CLANG_WARN_DOCUMENTATION_COMMENTS = YES;
				CLANG_WARN_EMPTY_BODY = YES;
				CLANG_WARN_ENUM_CONVERSION = YES;
				CLANG_WARN_INFINITE_RECURSION = YES;
				CLANG_WARN_INT_CONVERSION = YES;
				CLANG_WARN_NON_LITERAL_NULL_CONVERSION = YES;
				CLANG_WARN_OBJC_IMPLICIT_RETAIN_SELF = YES;
				CLANG_WARN_OBJC_LITERAL_CONVERSION = YES;
				CLANG_WARN_OBJC_ROOT_CLASS = YES_ERROR;
				CLANG_WARN_QUOTED_INCLUDE_IN_FRAMEWORK_HEADER = YES;
				CLANG_WARN_RANGE_LOOP_ANALYSIS = YES;
				CLANG_WARN_STRICT_PROTOTYPES = YES;
				CLANG_WARN_SUSPICIOUS_MOVE = YES;
				CLANG_WARN_UNGUARDED_AVAILABILITY = YES_AGGRESSIVE;
				CLANG_WARN_UNREACHABLE_CODE = YES;
				CLANG_WARN__DUPLICATE_METHOD_MATCH = YES;
				COPY_PHASE_STRIP = NO;
				DEBUG_INFORMATION_FORMAT = "dwarf-with-dsym";
				ENABLE_NS_ASSERTIONS = NO;
				ENABLE_STRICT_OBJC_MSGSEND = YES;
				GCC_C_LANGUAGE_STANDARD = gnu11;
				GCC_NO_COMMON_BLOCKS = YES;
				GCC_WARN_64_TO_32_BIT_CONVERSION = YES;
				GCC_WARN_ABOUT_RETURN_TYPE = YES_ERROR;
				GCC_WARN_UNDECLARED_SELECTOR = YES;
				GCC_WARN_UNINITIALIZED_AUTOS = YES_AGGRESSIVE;
				GCC_WARN_UNUSED_FUNCTION = YES;
				GCC_WARN_UNUSED_VARIABLE = YES;
				IPHONEOS_DEPLOYMENT_TARGET = 15.5;
				MTL_ENABLE_DEBUG_INFO = NO;
				MTL_FAST_MATH = YES;
				SDKROOT = iphoneos;
				SWIFT_COMPILATION_MODE = wholemodule;
				SWIFT_OPTIMIZATION_LEVEL = "-O";
				VALIDATE_PRODUCT = YES;
			};
			name = Release;
		};
		9A8CC27C2C848B200038B85F /* Debug */ = {
			isa = XCBuildConfiguration;
			buildSettings = {
				ASSETCATALOG_COMPILER_APPICON_NAME = AppIcon;
				ASSETCATALOG_COMPILER_GLOBAL_ACCENT_COLOR_NAME = AccentColor;
				CODE_SIGN_STYLE = Automatic;
				CURRENT_PROJECT_VERSION = 1;
				DEVELOPMENT_ASSET_PATHS = "\"GeoSpot/Preview Content\"";
				DEVELOPMENT_TEAM = 67V2X7656M;
				ENABLE_PREVIEWS = YES;
				GENERATE_INFOPLIST_FILE = YES;
				INFOPLIST_FILE = GeoSpot/Info.plist;
				INFOPLIST_KEY_UIApplicationSceneManifest_Generation = YES;
				INFOPLIST_KEY_UIApplicationSupportsIndirectInputEvents = YES;
				INFOPLIST_KEY_UILaunchScreen_Generation = YES;
				INFOPLIST_KEY_UISupportedInterfaceOrientations_iPad = "UIInterfaceOrientationPortrait UIInterfaceOrientationPortraitUpsideDown UIInterfaceOrientationLandscapeLeft UIInterfaceOrientationLandscapeRight";
				INFOPLIST_KEY_UISupportedInterfaceOrientations_iPhone = "UIInterfaceOrientationPortrait UIInterfaceOrientationLandscapeLeft UIInterfaceOrientationLandscapeRight";
				IPHONEOS_DEPLOYMENT_TARGET = 16.0;
				LD_RUNPATH_SEARCH_PATHS = (
					"$(inherited)",
					"@executable_path/Frameworks",
				);
				MARKETING_VERSION = 1.0;
				PRODUCT_BUNDLE_IDENTIFIER = com.aritra.GeoSpot;
				PRODUCT_NAME = "$(TARGET_NAME)";
				SWIFT_EMIT_LOC_STRINGS = YES;
				SWIFT_VERSION = 5.0;
				TARGETED_DEVICE_FAMILY = "1,2";
			};
			name = Debug;
		};
		9A8CC27D2C848B200038B85F /* Release */ = {
			isa = XCBuildConfiguration;
			buildSettings = {
				ASSETCATALOG_COMPILER_APPICON_NAME = AppIcon;
				ASSETCATALOG_COMPILER_GLOBAL_ACCENT_COLOR_NAME = AccentColor;
				CODE_SIGN_STYLE = Automatic;
				CURRENT_PROJECT_VERSION = 1;
				DEVELOPMENT_ASSET_PATHS = "\"GeoSpot/Preview Content\"";
				DEVELOPMENT_TEAM = 67V2X7656M;
				ENABLE_PREVIEWS = YES;
				GENERATE_INFOPLIST_FILE = YES;
				INFOPLIST_FILE = GeoSpot/Info.plist;
				INFOPLIST_KEY_UIApplicationSceneManifest_Generation = YES;
				INFOPLIST_KEY_UIApplicationSupportsIndirectInputEvents = YES;
				INFOPLIST_KEY_UILaunchScreen_Generation = YES;
				INFOPLIST_KEY_UISupportedInterfaceOrientations_iPad = "UIInterfaceOrientationPortrait UIInterfaceOrientationPortraitUpsideDown UIInterfaceOrientationLandscapeLeft UIInterfaceOrientationLandscapeRight";
				INFOPLIST_KEY_UISupportedInterfaceOrientations_iPhone = "UIInterfaceOrientationPortrait UIInterfaceOrientationLandscapeLeft UIInterfaceOrientationLandscapeRight";
				IPHONEOS_DEPLOYMENT_TARGET = 16.0;
				LD_RUNPATH_SEARCH_PATHS = (
					"$(inherited)",
					"@executable_path/Frameworks",
				);
				MARKETING_VERSION = 1.0;
				PRODUCT_BUNDLE_IDENTIFIER = com.aritra.GeoSpot;
				PRODUCT_NAME = "$(TARGET_NAME)";
				SWIFT_EMIT_LOC_STRINGS = YES;
				SWIFT_VERSION = 5.0;
				TARGETED_DEVICE_FAMILY = "1,2";
			};
			name = Release;
		};
		9A8CC27F2C848B200038B85F /* Debug */ = {
			isa = XCBuildConfiguration;
			buildSettings = {
				ALWAYS_EMBED_SWIFT_STANDARD_LIBRARIES = YES;
				BUNDLE_LOADER = "$(TEST_HOST)";
				CODE_SIGN_STYLE = Automatic;
				CURRENT_PROJECT_VERSION = 1;
				DEVELOPMENT_TEAM = 67V2X7656M;
				GENERATE_INFOPLIST_FILE = YES;
				IPHONEOS_DEPLOYMENT_TARGET = 15.5;
				MARKETING_VERSION = 1.0;
				PRODUCT_BUNDLE_IDENTIFIER = com.aritra.GeoSpotTests;
				PRODUCT_NAME = "$(TARGET_NAME)";
				SWIFT_EMIT_LOC_STRINGS = NO;
				SWIFT_VERSION = 5.0;
				TARGETED_DEVICE_FAMILY = "1,2";
				TEST_HOST = "$(BUILT_PRODUCTS_DIR)/GeoSpot.app/GeoSpot";
			};
			name = Debug;
		};
		9A8CC2802C848B200038B85F /* Release */ = {
			isa = XCBuildConfiguration;
			buildSettings = {
				ALWAYS_EMBED_SWIFT_STANDARD_LIBRARIES = YES;
				BUNDLE_LOADER = "$(TEST_HOST)";
				CODE_SIGN_STYLE = Automatic;
				CURRENT_PROJECT_VERSION = 1;
				DEVELOPMENT_TEAM = 67V2X7656M;
				GENERATE_INFOPLIST_FILE = YES;
				IPHONEOS_DEPLOYMENT_TARGET = 15.5;
				MARKETING_VERSION = 1.0;
				PRODUCT_BUNDLE_IDENTIFIER = com.aritra.GeoSpotTests;
				PRODUCT_NAME = "$(TARGET_NAME)";
				SWIFT_EMIT_LOC_STRINGS = NO;
				SWIFT_VERSION = 5.0;
				TARGETED_DEVICE_FAMILY = "1,2";
				TEST_HOST = "$(BUILT_PRODUCTS_DIR)/GeoSpot.app/GeoSpot";
			};
			name = Release;
		};
		9A8CC2822C848B200038B85F /* Debug */ = {
			isa = XCBuildConfiguration;
			buildSettings = {
				ALWAYS_EMBED_SWIFT_STANDARD_LIBRARIES = YES;
				CODE_SIGN_STYLE = Automatic;
				CURRENT_PROJECT_VERSION = 1;
				DEVELOPMENT_TEAM = 67V2X7656M;
				GENERATE_INFOPLIST_FILE = YES;
				MARKETING_VERSION = 1.0;
				PRODUCT_BUNDLE_IDENTIFIER = com.aritra.GeoSpotUITests;
				PRODUCT_NAME = "$(TARGET_NAME)";
				SWIFT_EMIT_LOC_STRINGS = NO;
				SWIFT_VERSION = 5.0;
				TARGETED_DEVICE_FAMILY = "1,2";
				TEST_TARGET_NAME = GeoSpot;
			};
			name = Debug;
		};
		9A8CC2832C848B200038B85F /* Release */ = {
			isa = XCBuildConfiguration;
			buildSettings = {
				ALWAYS_EMBED_SWIFT_STANDARD_LIBRARIES = YES;
				CODE_SIGN_STYLE = Automatic;
				CURRENT_PROJECT_VERSION = 1;
				DEVELOPMENT_TEAM = 67V2X7656M;
				GENERATE_INFOPLIST_FILE = YES;
				MARKETING_VERSION = 1.0;
				PRODUCT_BUNDLE_IDENTIFIER = com.aritra.GeoSpotUITests;
				PRODUCT_NAME = "$(TARGET_NAME)";
				SWIFT_EMIT_LOC_STRINGS = NO;
				SWIFT_VERSION = 5.0;
				TARGETED_DEVICE_FAMILY = "1,2";
				TEST_TARGET_NAME = GeoSpot;
			};
			name = Release;
		};
/* End XCBuildConfiguration section */

/* Begin XCConfigurationList section */
		9A8CC2522C848B190038B85F /* Build configuration list for PBXProject "GeoSpot" */ = {
			isa = XCConfigurationList;
			buildConfigurations = (
				9A8CC2792C848B200038B85F /* Debug */,
				9A8CC27A2C848B200038B85F /* Release */,
			);
			defaultConfigurationIsVisible = 0;
			defaultConfigurationName = Release;
		};
		9A8CC27B2C848B200038B85F /* Build configuration list for PBXNativeTarget "GeoSpot" */ = {
			isa = XCConfigurationList;
			buildConfigurations = (
				9A8CC27C2C848B200038B85F /* Debug */,
				9A8CC27D2C848B200038B85F /* Release */,
			);
			defaultConfigurationIsVisible = 0;
			defaultConfigurationName = Release;
		};
		9A8CC27E2C848B200038B85F /* Build configuration list for PBXNativeTarget "GeoSpotTests" */ = {
			isa = XCConfigurationList;
			buildConfigurations = (
				9A8CC27F2C848B200038B85F /* Debug */,
				9A8CC2802C848B200038B85F /* Release */,
			);
			defaultConfigurationIsVisible = 0;
			defaultConfigurationName = Release;
		};
		9A8CC2812C848B200038B85F /* Build configuration list for PBXNativeTarget "GeoSpotUITests" */ = {
			isa = XCConfigurationList;
			buildConfigurations = (
				9A8CC2822C848B200038B85F /* Debug */,
				9A8CC2832C848B200038B85F /* Release */,
			);
			defaultConfigurationIsVisible = 0;
			defaultConfigurationName = Release;
		};
/* End XCConfigurationList section */
	};
	rootObject = 9A8CC24F2C848B190038B85F /* Project object */;
}
